
Microsoft Visual Studio Solution File, Format Version 12.00
# Visual Studio Version 16
VisualStudioVersion = 16.0.31205.134
MinimumVisualStudioVersion = 10.0.40219.1
Project("{9A19103F-16F7-4668-BE54-9A1E7A4F7556}") = "Business", "Business\Business.csproj", "{D2D457B8-8B8F-4647-828A-E68CD2D90743}"
EndProject
Project("{9A19103F-16F7-4668-BE54-9A1E7A4F7556}") = "DataAccess", "DataAccess\DataAccess.csproj", "{ECDE531A-FFB3-4DA5-9561-0CBC34B5928E}"
EndProject
Project("{9A19103F-16F7-4668-BE54-9A1E7A4F7556}") = "Entities", "Entities\Entities.csproj", "{DD48EA02-2081-44F2-8AB2-D2934D57E397}"
EndProject
Project("{9A19103F-16F7-4668-BE54-9A1E7A4F7556}") = "AppInterface", "FormApp\AppInterface.csproj", "{190ACF1B-1FAC-4289-962A-305DAAEB869D}"
EndProject
Global
	GlobalSection(SolutionConfigurationPlatforms) = preSolution
		Debug|Any CPU = Debug|Any CPU
		Release|Any CPU = Release|Any CPU
	EndGlobalSection
	GlobalSection(ProjectConfigurationPlatforms) = postSolution
		{D2D457B8-8B8F-4647-828A-E68CD2D90743}.Debug|Any CPU.ActiveCfg = Debug|Any CPU
		{D2D457B8-8B8F-4647-828A-E68CD2D90743}.Debug|Any CPU.Build.0 = Debug|Any CPU
		{D2D457B8-8B8F-4647-828A-E68CD2D90743}.Release|Any CPU.ActiveCfg = Release|Any CPU
		{D2D457B8-8B8F-4647-828A-E68CD2D90743}.Release|Any CPU.Build.0 = Release|Any CPU
		{ECDE531A-FFB3-4DA5-9561-0CBC34B5928E}.Debug|Any CPU.ActiveCfg = Debug|Any CPU
		{ECDE531A-FFB3-4DA5-9561-0CBC34B5928E}.Debug|Any CPU.Build.0 = Debug|Any CPU
		{ECDE531A-FFB3-4DA5-9561-0CBC34B5928E}.Release|Any CPU.ActiveCfg = Release|Any CPU
		{ECDE531A-FFB3-4DA5-9561-0CBC34B5928E}.Release|Any CPU.Build.0 = Release|Any CPU
		{DD48EA02-2081-44F2-8AB2-D2934D57E397}.Debug|Any CPU.ActiveCfg = Debug|Any CPU
		{DD48EA02-2081-44F2-8AB2-D2934D57E397}.Debug|Any CPU.Build.0 = Debug|Any CPU
		{DD48EA02-2081-44F2-8AB2-D2934D57E397}.Release|Any CPU.ActiveCfg = Release|Any CPU
		{DD48EA02-2081-44F2-8AB2-D2934D57E397}.Release|Any CPU.Build.0 = Release|Any CPU
		{190ACF1B-1FAC-4289-962A-305DAAEB869D}.Debug|Any CPU.ActiveCfg = Debug|Any CPU
		{190ACF1B-1FAC-4289-962A-305DAAEB869D}.Debug|Any CPU.Build.0 = Debug|Any CPU
		{190ACF1B-1FAC-4289-962A-305DAAEB869D}.Release|Any CPU.ActiveCfg = Release|Any CPU
		{190ACF1B-1FAC-4289-962A-305DAAEB869D}.Release|Any CPU.Build.0 = Release|Any CPU
	EndGlobalSection
	GlobalSection(SolutionProperties) = preSolution
		HideSolutionNode = FALSE
	EndGlobalSection
	GlobalSection(ExtensibilityGlobals) = postSolution
		SolutionGuid = {AC3D59AA-5B97-437C-9D87-0A298F754D2F}
	EndGlobalSection
EndGlobal
